<?xml version="1.0" encoding="utf-8"?>
<Project ToolsVersion="4.0" xmlns="http://schemas.microsoft.com/developer/msbuild/2003">
  <ItemGroup>
    <Filter Include="소스 파일">
      <UniqueIdentifier>{4FC737F1-C7A5-4376-A066-2A32D752A2FF}</UniqueIdentifier>
      <Extensions>cpp;c;cc;cxx;c++;cppm;ixx;def;odl;idl;hpj;bat;asm;asmx</Extensions>
    </Filter>
    <Filter Include="헤더 파일">
      <UniqueIdentifier>{93995380-89BD-4b04-88EB-625FBE52EBFB}</UniqueIdentifier>
      <Extensions>h;hh;hpp;hxx;h++;hm;inl;inc;ipp;xsd</Extensions>
    </Filter>
    <Filter Include="리소스 파일">
      <UniqueIdentifier>{67DA6AB6-F800-4c08-8B7A-83BB121AAD01}</UniqueIdentifier>
      <Extensions>rc;ico;cur;bmp;dlg;rc2;rct;bin;rgs;gif;jpg;jpeg;jpe;resx;tiff;tif;png;wav;mfcribbon-ms</Extensions>
    </Filter>
    <Filter Include="헤더 파일\Renderer">
      <UniqueIdentifier>{6460fa61-75d4-4637-b929-ee43017fa619}</UniqueIdentifier>
    </Filter>
    <Filter Include="헤더 파일\Renderer\Pipeline">
      <UniqueIdentifier>{367a047c-24cd-4f8a-ae6c-b8517dbb8784}</UniqueIdentifier>
    </Filter>
    <Filter Include="헤더 파일\Renderer\Pipeline\Mesh">
      <UniqueIdentifier>{f1458283-7d96-49af-b83e-f204f69f7989}</UniqueIdentifier>
    </Filter>
    <Filter Include="헤더 파일\Renderer\Pipeline\Material">
      <UniqueIdentifier>{ecce6bad-81ab-4fe9-9eec-4844d9db9d8c}</UniqueIdentifier>
    </Filter>
    <Filter Include="헤더 파일\Export">
      <UniqueIdentifier>{b7d8cc16-adf3-4563-a9a3-265ba4bf3209}</UniqueIdentifier>
    </Filter>
    <Filter Include="헤더 파일\Renderer\Resources">
      <UniqueIdentifier>{88acb7d0-ac0c-4c24-ac80-060cf6a3ac41}</UniqueIdentifier>
    </Filter>
    <Filter Include="헤더 파일\etc">
      <UniqueIdentifier>{87c04ac9-2769-4437-bf8b-84c346032131}</UniqueIdentifier>
    </Filter>
    <Filter Include="헤더 파일\Renderer\Pipeline\Mesh\Vertex">
      <UniqueIdentifier>{18f92a5a-afc1-49d2-b673-0be0d03acc25}</UniqueIdentifier>
    </Filter>
  </ItemGroup>
  <ItemGroup>
    <None Include="src\SimpleMath.inl">
      <Filter>헤더 파일</Filter>
    </None>
  </ItemGroup>
  <ItemGroup>
    <ClCompile Include="src\DX11Renderer.cpp">
      <Filter>소스 파일</Filter>
    </ClCompile>
    <ClCompile Include="src\IVertex.cpp">
      <Filter>소스 파일</Filter>
    </ClCompile>
    <ClCompile Include="src\Material.cpp">
      <Filter>소스 파일</Filter>
    </ClCompile>
    <ClCompile Include="src\Mesh.cpp">
      <Filter>소스 파일</Filter>
    </ClCompile>
    <ClCompile Include="src\pch_dx_11.cpp">
      <Filter>소스 파일</Filter>
    </ClCompile>
    <ClCompile Include="src\Pipeline.cpp">
      <Filter>소스 파일</Filter>
    </ClCompile>
    <ClCompile Include="src\RenderSystem.cpp">
      <Filter>소스 파일</Filter>
    </ClCompile>
    <ClCompile Include="src\Resources.cpp">
      <Filter>소스 파일</Filter>
    </ClCompile>
    <ClCompile Include="src\Utility.cpp">
      <Filter>소스 파일</Filter>
    </ClCompile>
    <ClCompile Include="src\Vertex.cpp">
      <Filter>소스 파일</Filter>
    </ClCompile>
  </ItemGroup>
  <ItemGroup>
    <ClInclude Include="src\DX11Renderer.h">
      <Filter>헤더 파일</Filter>
    </ClInclude>
    <ClInclude Include="src\Export.h">
      <Filter>헤더 파일</Filter>
    </ClInclude>
    <ClInclude Include="src\IMaterial.h">
      <Filter>헤더 파일</Filter>
    </ClInclude>
    <ClInclude Include="src\IMesh.h">
      <Filter>헤더 파일</Filter>
    </ClInclude>
    <ClInclude Include="src\IVertex.h">
      <Filter>헤더 파일</Filter>
    </ClInclude>
    <ClInclude Include="src\Material.h">
      <Filter>헤더 파일</Filter>
    </ClInclude>
    <ClInclude Include="src\Mesh.h">
      <Filter>헤더 파일</Filter>
    </ClInclude>
    <ClInclude Include="src\PathDefine.h">
      <Filter>헤더 파일</Filter>
    </ClInclude>
    <ClInclude Include="src\pch_dx_11.h">
      <Filter>헤더 파일</Filter>
    </ClInclude>
    <ClInclude Include="src\Pipeline.h">
      <Filter>헤더 파일</Filter>
    </ClInclude>
    <ClInclude Include="src\RenderSystem.h">
      <Filter>헤더 파일</Filter>
    </ClInclude>
    <ClInclude Include="src\Resource.h">
      <Filter>헤더 파일</Filter>
    </ClInclude>
    <ClInclude Include="src\Resources.h">
      <Filter>헤더 파일</Filter>
    </ClInclude>
    <ClInclude Include="src\typedef.h">
      <Filter>헤더 파일</Filter>
    </ClInclude>
    <ClInclude Include="src\Utility.h">
      <Filter>헤더 파일</Filter>
    </ClInclude>
    <ClInclude Include="src\Vertex.h">
      <Filter>헤더 파일</Filter>
    </ClInclude>
  </ItemGroup>
</Project>